// !$*UTF8*$!
{
	archiveVersion = 1;
	classes = {
	};
	objectVersion = 55;
	objects = {

/* Begin PBXBuildFile section */
		F74334A72678DF4C001D2168 /* ProfileView.swift in Sources */ = {isa = PBXBuildFile; fileRef = F74334A62678DF4C001D2168 /* ProfileView.swift */; };
		F74334A92678E08D001D2168 /* Profile.swift in Sources */ = {isa = PBXBuildFile; fileRef = F74334A82678E08D001D2168 /* Profile.swift */; };
		F74334AB2678F1CD001D2168 /* HomeView.swift in Sources */ = {isa = PBXBuildFile; fileRef = F74334AA2678F1CD001D2168 /* HomeView.swift */; };
		F74334AD2678F99C001D2168 /* Game.swift in Sources */ = {isa = PBXBuildFile; fileRef = F74334AC2678F99C001D2168 /* Game.swift */; };
		F74334AF2678FA7E001D2168 /* Home.swift in Sources */ = {isa = PBXBuildFile; fileRef = F74334AE2678FA7E001D2168 /* Home.swift */; };
		F7C5A1DC267A93A400B62E52 /* winSoundEffect.wav in Resources */ = {isa = PBXBuildFile; fileRef = F7C5A1DB267A93A400B62E52 /* winSoundEffect.wav */; };
		F7C5A1E1267AC27300B62E52 /* SquareSoundEffect.wav in Resources */ = {isa = PBXBuildFile; fileRef = F7C5A1E0267AC27300B62E52 /* SquareSoundEffect.wav */; };
		F7EDD63026779A8900CC29E6 /* GameMonsterApp.swift in Sources */ = {isa = PBXBuildFile; fileRef = F7EDD62F26779A8900CC29E6 /* GameMonsterApp.swift */; };
		F7EDD63226779A8900CC29E6 /* ContentView.swift in Sources */ = {isa = PBXBuildFile; fileRef = F7EDD63126779A8900CC29E6 /* ContentView.swift */; };
		F7EDD63426779A8B00CC29E6 /* Assets.xcassets in Resources */ = {isa = PBXBuildFile; fileRef = F7EDD63326779A8B00CC29E6 /* Assets.xcassets */; };
		F7EDD63726779A8B00CC29E6 /* Preview Assets.xcassets in Resources */ = {isa = PBXBuildFile; fileRef = F7EDD63626779A8B00CC29E6 /* Preview Assets.xcassets */; };
		F7EDD64126779A8B00CC29E6 /* GameMonsterTests.swift in Sources */ = {isa = PBXBuildFile; fileRef = F7EDD64026779A8B00CC29E6 /* GameMonsterTests.swift */; };
		F7EDD64B26779A8B00CC29E6 /* GameMonsterUITests.swift in Sources */ = {isa = PBXBuildFile; fileRef = F7EDD64A26779A8B00CC29E6 /* GameMonsterUITests.swift */; };
		F7EDD65B26779B0C00CC29E6 /* GameBoard.swift in Sources */ = {isa = PBXBuildFile; fileRef = F7EDD65A26779B0C00CC29E6 /* GameBoard.swift */; };
		F7EDD65D26779B6800CC29E6 /* Player.swift in Sources */ = {isa = PBXBuildFile; fileRef = F7EDD65C26779B6800CC29E6 /* Player.swift */; };
		F7EDD65F26779E0E00CC29E6 /* Move.swift in Sources */ = {isa = PBXBuildFile; fileRef = F7EDD65E26779E0E00CC29E6 /* Move.swift */; };
		F7EDD66126779EF200CC29E6 /* TicTacToe.swift in Sources */ = {isa = PBXBuildFile; fileRef = F7EDD66026779EF100CC29E6 /* TicTacToe.swift */; };
		F7EDD66B2677B5D700CC29E6 /* TTTBoardView.swift in Sources */ = {isa = PBXBuildFile; fileRef = F7EDD66A2677B5D700CC29E6 /* TTTBoardView.swift */; };
		F7EDD66D2677B62700CC29E6 /* SquareView.swift in Sources */ = {isa = PBXBuildFile; fileRef = F7EDD66C2677B62700CC29E6 /* SquareView.swift */; };
		F7EDD6712677C4D800CC29E6 /* TTTGame.swift in Sources */ = {isa = PBXBuildFile; fileRef = F7EDD6702677C4D800CC29E6 /* TTTGame.swift */; };
		F7EDD6732677C5E400CC29E6 /* Header.swift in Sources */ = {isa = PBXBuildFile; fileRef = F7EDD6722677C5E400CC29E6 /* Header.swift */; };
		F7EDD6752677C60700CC29E6 /* PlayerTag.swift in Sources */ = {isa = PBXBuildFile; fileRef = F7EDD6742677C60700CC29E6 /* PlayerTag.swift */; };
		F7EDD6772677C88C00CC29E6 /* Audience.swift in Sources */ = {isa = PBXBuildFile; fileRef = F7EDD6762677C88C00CC29E6 /* Audience.swift */; };
		F7EDD6792677D4F800CC29E6 /* BottomBar.swift in Sources */ = {isa = PBXBuildFile; fileRef = F7EDD6782677D4F800CC29E6 /* BottomBar.swift */; };
		F7EDD68226781E3400CC29E6 /* ConfettiSwiftUI.swift in Sources */ = {isa = PBXBuildFile; fileRef = F7EDD68126781E1400CC29E6 /* ConfettiSwiftUI.swift */; };
		F7EDD68326781E4300CC29E6 /* RoundedCross.swift in Sources */ = {isa = PBXBuildFile; fileRef = F7EDD67E26781E1400CC29E6 /* RoundedCross.swift */; };
		F7EDD68426781E4300CC29E6 /* Triangle.swift in Sources */ = {isa = PBXBuildFile; fileRef = F7EDD67F26781E1400CC29E6 /* Triangle.swift */; };
		F7EDD68526781E4300CC29E6 /* SlimRectangle.swift in Sources */ = {isa = PBXBuildFile; fileRef = F7EDD68026781E1400CC29E6 /* SlimRectangle.swift */; };
		F7EDD68B2678556500CC29E6 /* GroupSessionManager.swift in Sources */ = {isa = PBXBuildFile; fileRef = F7EDD68A2678556500CC29E6 /* GroupSessionManager.swift */; };
		F7EDD68E267860DD00CC29E6 /* PlayTogether.swift in Sources */ = {isa = PBXBuildFile; fileRef = F7EDD68D267860DD00CC29E6 /* PlayTogether.swift */; };
		F7EDD6902678618C00CC29E6 /* Messages.swift in Sources */ = {isa = PBXBuildFile; fileRef = F7EDD68F2678618C00CC29E6 /* Messages.swift */; };
/* End PBXBuildFile section */

/* Begin PBXContainerItemProxy section */
		F7EDD63D26779A8B00CC29E6 /* PBXContainerItemProxy */ = {
			isa = PBXContainerItemProxy;
			containerPortal = F7EDD62426779A8900CC29E6 /* Project object */;
			proxyType = 1;
			remoteGlobalIDString = F7EDD62B26779A8900CC29E6;
			remoteInfo = GameMonster;
		};
		F7EDD64726779A8B00CC29E6 /* PBXContainerItemProxy */ = {
			isa = PBXContainerItemProxy;
			containerPortal = F7EDD62426779A8900CC29E6 /* Project object */;
			proxyType = 1;
			remoteGlobalIDString = F7EDD62B26779A8900CC29E6;
			remoteInfo = GameMonster;
		};
/* End PBXContainerItemProxy section */

/* Begin PBXFileReference section */
		F74334A62678DF4C001D2168 /* ProfileView.swift */ = {isa = PBXFileReference; lastKnownFileType = sourcecode.swift; path = ProfileView.swift; sourceTree = "<group>"; };
		F74334A82678E08D001D2168 /* Profile.swift */ = {isa = PBXFileReference; lastKnownFileType = sourcecode.swift; path = Profile.swift; sourceTree = "<group>"; };
		F74334AA2678F1CD001D2168 /* HomeView.swift */ = {isa = PBXFileReference; lastKnownFileType = sourcecode.swift; path = HomeView.swift; sourceTree = "<group>"; };
		F74334AC2678F99C001D2168 /* Game.swift */ = {isa = PBXFileReference; lastKnownFileType = sourcecode.swift; path = Game.swift; sourceTree = "<group>"; };
		F74334AE2678FA7E001D2168 /* Home.swift */ = {isa = PBXFileReference; lastKnownFileType = sourcecode.swift; path = Home.swift; sourceTree = "<group>"; };
		F74334B026796952001D2168 /* Info.plist */ = {isa = PBXFileReference; lastKnownFileType = text.plist; path = Info.plist; sourceTree = "<group>"; };
		F7C5A1DB267A93A400B62E52 /* winSoundEffect.wav */ = {isa = PBXFileReference; lastKnownFileType = audio.wav; path = winSoundEffect.wav; sourceTree = "<group>"; };
		F7C5A1E0267AC27300B62E52 /* SquareSoundEffect.wav */ = {isa = PBXFileReference; lastKnownFileType = audio.wav; path = SquareSoundEffect.wav; sourceTree = "<group>"; };
		F7EDD62C26779A8900CC29E6 /* GameMonster.app */ = {isa = PBXFileReference; explicitFileType = wrapper.application; includeInIndex = 0; path = GameMonster.app; sourceTree = BUILT_PRODUCTS_DIR; };
		F7EDD62F26779A8900CC29E6 /* GameMonsterApp.swift */ = {isa = PBXFileReference; lastKnownFileType = sourcecode.swift; path = GameMonsterApp.swift; sourceTree = "<group>"; };
		F7EDD63126779A8900CC29E6 /* ContentView.swift */ = {isa = PBXFileReference; lastKnownFileType = sourcecode.swift; path = ContentView.swift; sourceTree = "<group>"; };
		F7EDD63326779A8B00CC29E6 /* Assets.xcassets */ = {isa = PBXFileReference; lastKnownFileType = folder.assetcatalog; path = Assets.xcassets; sourceTree = "<group>"; };
		F7EDD63626779A8B00CC29E6 /* Preview Assets.xcassets */ = {isa = PBXFileReference; lastKnownFileType = folder.assetcatalog; path = "Preview Assets.xcassets"; sourceTree = "<group>"; };
		F7EDD63C26779A8B00CC29E6 /* GameMonsterTests.xctest */ = {isa = PBXFileReference; explicitFileType = wrapper.cfbundle; includeInIndex = 0; path = GameMonsterTests.xctest; sourceTree = BUILT_PRODUCTS_DIR; };
		F7EDD64026779A8B00CC29E6 /* GameMonsterTests.swift */ = {isa = PBXFileReference; lastKnownFileType = sourcecode.swift; path = GameMonsterTests.swift; sourceTree = "<group>"; };
		F7EDD64626779A8B00CC29E6 /* GameMonsterUITests.xctest */ = {isa = PBXFileReference; explicitFileType = wrapper.cfbundle; includeInIndex = 0; path = GameMonsterUITests.xctest; sourceTree = BUILT_PRODUCTS_DIR; };
		F7EDD64A26779A8B00CC29E6 /* GameMonsterUITests.swift */ = {isa = PBXFileReference; lastKnownFileType = sourcecode.swift; path = GameMonsterUITests.swift; sourceTree = "<group>"; };
		F7EDD65A26779B0C00CC29E6 /* GameBoard.swift */ = {isa = PBXFileReference; lastKnownFileType = sourcecode.swift; path = GameBoard.swift; sourceTree = "<group>"; };
		F7EDD65C26779B6800CC29E6 /* Player.swift */ = {isa = PBXFileReference; lastKnownFileType = sourcecode.swift; path = Player.swift; sourceTree = "<group>"; };
		F7EDD65E26779E0E00CC29E6 /* Move.swift */ = {isa = PBXFileReference; lastKnownFileType = sourcecode.swift; path = Move.swift; sourceTree = "<group>"; };
		F7EDD66026779EF100CC29E6 /* TicTacToe.swift */ = {isa = PBXFileReference; lastKnownFileType = sourcecode.swift; path = TicTacToe.swift; sourceTree = "<group>"; };
		F7EDD66A2677B5D700CC29E6 /* TTTBoardView.swift */ = {isa = PBXFileReference; lastKnownFileType = sourcecode.swift; path = TTTBoardView.swift; sourceTree = "<group>"; };
		F7EDD66C2677B62700CC29E6 /* SquareView.swift */ = {isa = PBXFileReference; lastKnownFileType = sourcecode.swift; path = SquareView.swift; sourceTree = "<group>"; };
		F7EDD6702677C4D800CC29E6 /* TTTGame.swift */ = {isa = PBXFileReference; lastKnownFileType = sourcecode.swift; path = TTTGame.swift; sourceTree = "<group>"; };
		F7EDD6722677C5E400CC29E6 /* Header.swift */ = {isa = PBXFileReference; lastKnownFileType = sourcecode.swift; path = Header.swift; sourceTree = "<group>"; };
		F7EDD6742677C60700CC29E6 /* PlayerTag.swift */ = {isa = PBXFileReference; lastKnownFileType = sourcecode.swift; path = PlayerTag.swift; sourceTree = "<group>"; };
		F7EDD6762677C88C00CC29E6 /* Audience.swift */ = {isa = PBXFileReference; lastKnownFileType = sourcecode.swift; path = Audience.swift; sourceTree = "<group>"; };
		F7EDD6782677D4F800CC29E6 /* BottomBar.swift */ = {isa = PBXFileReference; lastKnownFileType = sourcecode.swift; path = BottomBar.swift; sourceTree = "<group>"; };
		F7EDD67E26781E1400CC29E6 /* RoundedCross.swift */ = {isa = PBXFileReference; lastKnownFileType = sourcecode.swift; path = RoundedCross.swift; sourceTree = "<group>"; };
		F7EDD67F26781E1400CC29E6 /* Triangle.swift */ = {isa = PBXFileReference; lastKnownFileType = sourcecode.swift; path = Triangle.swift; sourceTree = "<group>"; };
		F7EDD68026781E1400CC29E6 /* SlimRectangle.swift */ = {isa = PBXFileReference; lastKnownFileType = sourcecode.swift; path = SlimRectangle.swift; sourceTree = "<group>"; };
		F7EDD68126781E1400CC29E6 /* ConfettiSwiftUI.swift */ = {isa = PBXFileReference; lastKnownFileType = sourcecode.swift; path = ConfettiSwiftUI.swift; sourceTree = "<group>"; };
		F7EDD68A2678556500CC29E6 /* GroupSessionManager.swift */ = {isa = PBXFileReference; lastKnownFileType = sourcecode.swift; path = GroupSessionManager.swift; sourceTree = "<group>"; };
		F7EDD68C267855D700CC29E6 /* GameMonster.entitlements */ = {isa = PBXFileReference; lastKnownFileType = text.plist.entitlements; path = GameMonster.entitlements; sourceTree = "<group>"; };
		F7EDD68D267860DD00CC29E6 /* PlayTogether.swift */ = {isa = PBXFileReference; lastKnownFileType = sourcecode.swift; path = PlayTogether.swift; sourceTree = "<group>"; };
		F7EDD68F2678618C00CC29E6 /* Messages.swift */ = {isa = PBXFileReference; lastKnownFileType = sourcecode.swift; path = Messages.swift; sourceTree = "<group>"; };
/* End PBXFileReference section */

/* Begin PBXFrameworksBuildPhase section */
		F7EDD62926779A8900CC29E6 /* Frameworks */ = {
			isa = PBXFrameworksBuildPhase;
			buildActionMask = 2147483647;
			files = (
			);
			runOnlyForDeploymentPostprocessing = 0;
		};
		F7EDD63926779A8B00CC29E6 /* Frameworks */ = {
			isa = PBXFrameworksBuildPhase;
			buildActionMask = 2147483647;
			files = (
			);
			runOnlyForDeploymentPostprocessing = 0;
		};
		F7EDD64326779A8B00CC29E6 /* Frameworks */ = {
			isa = PBXFrameworksBuildPhase;
			buildActionMask = 2147483647;
			files = (
			);
			runOnlyForDeploymentPostprocessing = 0;
		};
/* End PBXFrameworksBuildPhase section */

/* Begin PBXGroup section */
		F7EDD62326779A8900CC29E6 = {
			isa = PBXGroup;
			children = (
				F7EDD62E26779A8900CC29E6 /* GameMonster */,
				F7EDD63F26779A8B00CC29E6 /* GameMonsterTests */,
				F7EDD64926779A8B00CC29E6 /* GameMonsterUITests */,
				F7EDD62D26779A8900CC29E6 /* Products */,
			);
			sourceTree = "<group>";
		};
		F7EDD62D26779A8900CC29E6 /* Products */ = {
			isa = PBXGroup;
			children = (
				F7EDD62C26779A8900CC29E6 /* GameMonster.app */,
				F7EDD63C26779A8B00CC29E6 /* GameMonsterTests.xctest */,
				F7EDD64626779A8B00CC29E6 /* GameMonsterUITests.xctest */,
			);
			name = Products;
			sourceTree = "<group>";
		};
		F7EDD62E26779A8900CC29E6 /* GameMonster */ = {
			isa = PBXGroup;
			children = (
				F74334B026796952001D2168 /* Info.plist */,
				F7EDD68C267855D700CC29E6 /* GameMonster.entitlements */,
				F7EDD62F26779A8900CC29E6 /* GameMonsterApp.swift */,
				F7EDD63126779A8900CC29E6 /* ContentView.swift */,
				F7EDD65726779A9F00CC29E6 /* Model */,
				F7EDD65826779AAD00CC29E6 /* View */,
				F7EDD65926779ABC00CC29E6 /* ViewModel */,
				F7EDD67C26781E1400CC29E6 /* ConfettiSwiftUI */,
				F7EDD63326779A8B00CC29E6 /* Assets.xcassets */,
				F7EDD63526779A8B00CC29E6 /* Preview Content */,
			);
			path = GameMonster;
			sourceTree = "<group>";
		};
		F7EDD63526779A8B00CC29E6 /* Preview Content */ = {
			isa = PBXGroup;
			children = (
				F7EDD63626779A8B00CC29E6 /* Preview Assets.xcassets */,
			);
			path = "Preview Content";
			sourceTree = "<group>";
		};
		F7EDD63F26779A8B00CC29E6 /* GameMonsterTests */ = {
			isa = PBXGroup;
			children = (
				F7EDD64026779A8B00CC29E6 /* GameMonsterTests.swift */,
			);
			path = GameMonsterTests;
			sourceTree = "<group>";
		};
		F7EDD64926779A8B00CC29E6 /* GameMonsterUITests */ = {
			isa = PBXGroup;
			children = (
				F7EDD64A26779A8B00CC29E6 /* GameMonsterUITests.swift */,
			);
			path = GameMonsterUITests;
			sourceTree = "<group>";
		};
		F7EDD65726779A9F00CC29E6 /* Model */ = {
			isa = PBXGroup;
			children = (
				F7EDD65C26779B6800CC29E6 /* Player.swift */,
				F7EDD65E26779E0E00CC29E6 /* Move.swift */,
				F7EDD68D267860DD00CC29E6 /* PlayTogether.swift */,
				F7EDD68F2678618C00CC29E6 /* Messages.swift */,
				F74334AC2678F99C001D2168 /* Game.swift */,
			);
			path = Model;
			sourceTree = "<group>";
		};
		F7EDD65826779AAD00CC29E6 /* View */ = {
			isa = PBXGroup;
			children = (
				F7EDD6702677C4D800CC29E6 /* TTTGame.swift */,
				F74334AA2678F1CD001D2168 /* HomeView.swift */,
				F74334A62678DF4C001D2168 /* ProfileView.swift */,
				F7EDD6862678532C00CC29E6 /* ComponentViews */,
				F7EDD6872678534A00CC29E6 /* Confetti */,
			);
			path = View;
			sourceTree = "<group>";
		};
		F7EDD65926779ABC00CC29E6 /* ViewModel */ = {
			isa = PBXGroup;
			children = (
				F7EDD65A26779B0C00CC29E6 /* GameBoard.swift */,
				F7EDD66026779EF100CC29E6 /* TicTacToe.swift */,
				F7EDD68A2678556500CC29E6 /* GroupSessionManager.swift */,
				F74334A82678E08D001D2168 /* Profile.swift */,
				F74334AE2678FA7E001D2168 /* Home.swift */,
			);
			path = ViewModel;
			sourceTree = "<group>";
		};
		F7EDD67C26781E1400CC29E6 /* ConfettiSwiftUI */ = {
			isa = PBXGroup;
			children = (
				F7C5A1DB267A93A400B62E52 /* winSoundEffect.wav */,
				F7C5A1E0267AC27300B62E52 /* SquareSoundEffect.wav */,
				F7EDD67D26781E1400CC29E6 /* Shapes */,
			);
			path = ConfettiSwiftUI;
			sourceTree = "<group>";
		};
		F7EDD67D26781E1400CC29E6 /* Shapes */ = {
			isa = PBXGroup;
			children = (
			);
			path = Shapes;
			sourceTree = "<group>";
		};
		F7EDD6862678532C00CC29E6 /* ComponentViews */ = {
			isa = PBXGroup;
			children = (
				F7EDD6892678539F00CC29E6 /* Game */,
				F7EDD6882678537D00CC29E6 /* Page */,
			);
			path = ComponentViews;
			sourceTree = "<group>";
		};
		F7EDD6872678534A00CC29E6 /* Confetti */ = {
			isa = PBXGroup;
			children = (
				F7EDD68126781E1400CC29E6 /* ConfettiSwiftUI.swift */,
				F7EDD67E26781E1400CC29E6 /* RoundedCross.swift */,
				F7EDD67F26781E1400CC29E6 /* Triangle.swift */,
				F7EDD68026781E1400CC29E6 /* SlimRectangle.swift */,
			);
			path = Confetti;
			sourceTree = "<group>";
		};
		F7EDD6882678537D00CC29E6 /* Page */ = {
			isa = PBXGroup;
			children = (
				F7EDD6762677C88C00CC29E6 /* Audience.swift */,
				F7EDD6722677C5E400CC29E6 /* Header.swift */,
				F7EDD6742677C60700CC29E6 /* PlayerTag.swift */,
				F7EDD6782677D4F800CC29E6 /* BottomBar.swift */,
			);
			path = Page;
			sourceTree = "<group>";
		};
		F7EDD6892678539F00CC29E6 /* Game */ = {
			isa = PBXGroup;
			children = (
				F7EDD66A2677B5D700CC29E6 /* TTTBoardView.swift */,
				F7EDD66C2677B62700CC29E6 /* SquareView.swift */,
			);
			path = Game;
			sourceTree = "<group>";
		};
/* End PBXGroup section */

/* Begin PBXNativeTarget section */
		F7EDD62B26779A8900CC29E6 /* GameMonster */ = {
			isa = PBXNativeTarget;
			buildConfigurationList = F7EDD64E26779A8B00CC29E6 /* Build configuration list for PBXNativeTarget "GameMonster" */;
			buildPhases = (
				F7EDD62826779A8900CC29E6 /* Sources */,
				F7EDD62926779A8900CC29E6 /* Frameworks */,
				F7EDD62A26779A8900CC29E6 /* Resources */,
			);
			buildRules = (
			);
			dependencies = (
			);
			name = GameMonster;
			productName = GameMonster;
			productReference = F7EDD62C26779A8900CC29E6 /* GameMonster.app */;
			productType = "com.apple.product-type.application";
		};
		F7EDD63B26779A8B00CC29E6 /* GameMonsterTests */ = {
			isa = PBXNativeTarget;
			buildConfigurationList = F7EDD65126779A8B00CC29E6 /* Build configuration list for PBXNativeTarget "GameMonsterTests" */;
			buildPhases = (
				F7EDD63826779A8B00CC29E6 /* Sources */,
				F7EDD63926779A8B00CC29E6 /* Frameworks */,
				F7EDD63A26779A8B00CC29E6 /* Resources */,
			);
			buildRules = (
			);
			dependencies = (
				F7EDD63E26779A8B00CC29E6 /* PBXTargetDependency */,
			);
			name = GameMonsterTests;
			productName = GameMonsterTests;
			productReference = F7EDD63C26779A8B00CC29E6 /* GameMonsterTests.xctest */;
			productType = "com.apple.product-type.bundle.unit-test";
		};
		F7EDD64526779A8B00CC29E6 /* GameMonsterUITests */ = {
			isa = PBXNativeTarget;
			buildConfigurationList = F7EDD65426779A8B00CC29E6 /* Build configuration list for PBXNativeTarget "GameMonsterUITests" */;
			buildPhases = (
				F7EDD64226779A8B00CC29E6 /* Sources */,
				F7EDD64326779A8B00CC29E6 /* Frameworks */,
				F7EDD64426779A8B00CC29E6 /* Resources */,
			);
			buildRules = (
			);
			dependencies = (
				F7EDD64826779A8B00CC29E6 /* PBXTargetDependency */,
			);
			name = GameMonsterUITests;
			productName = GameMonsterUITests;
			productReference = F7EDD64626779A8B00CC29E6 /* GameMonsterUITests.xctest */;
			productType = "com.apple.product-type.bundle.ui-testing";
		};
/* End PBXNativeTarget section */

/* Begin PBXProject section */
		F7EDD62426779A8900CC29E6 /* Project object */ = {
			isa = PBXProject;
			attributes = {
				BuildIndependentTargetsInParallel = 1;
				LastSwiftUpdateCheck = 1300;
				LastUpgradeCheck = 1300;
				TargetAttributes = {
					F7EDD62B26779A8900CC29E6 = {
						CreatedOnToolsVersion = 13.0;
					};
					F7EDD63B26779A8B00CC29E6 = {
						CreatedOnToolsVersion = 13.0;
						TestTargetID = F7EDD62B26779A8900CC29E6;
					};
					F7EDD64526779A8B00CC29E6 = {
						CreatedOnToolsVersion = 13.0;
						TestTargetID = F7EDD62B26779A8900CC29E6;
					};
				};
			};
			buildConfigurationList = F7EDD62726779A8900CC29E6 /* Build configuration list for PBXProject "GameMonster" */;
			compatibilityVersion = "Xcode 13.0";
			developmentRegion = en;
			hasScannedForEncodings = 0;
			knownRegions = (
				en,
				Base,
			);
			mainGroup = F7EDD62326779A8900CC29E6;
			productRefGroup = F7EDD62D26779A8900CC29E6 /* Products */;
			projectDirPath = "";
			projectRoot = "";
			targets = (
				F7EDD62B26779A8900CC29E6 /* GameMonster */,
				F7EDD63B26779A8B00CC29E6 /* GameMonsterTests */,
				F7EDD64526779A8B00CC29E6 /* GameMonsterUITests */,
			);
		};
/* End PBXProject section */

/* Begin PBXResourcesBuildPhase section */
		F7EDD62A26779A8900CC29E6 /* Resources */ = {
			isa = PBXResourcesBuildPhase;
			buildActionMask = 2147483647;
			files = (
				F7EDD63726779A8B00CC29E6 /* Preview Assets.xcassets in Resources */,
				F7C5A1DC267A93A400B62E52 /* winSoundEffect.wav in Resources */,
				F7EDD63426779A8B00CC29E6 /* Assets.xcassets in Resources */,
				F7C5A1E1267AC27300B62E52 /* SquareSoundEffect.wav in Resources */,
			);
			runOnlyForDeploymentPostprocessing = 0;
		};
		F7EDD63A26779A8B00CC29E6 /* Resources */ = {
			isa = PBXResourcesBuildPhase;
			buildActionMask = 2147483647;
			files = (
			);
			runOnlyForDeploymentPostprocessing = 0;
		};
		F7EDD64426779A8B00CC29E6 /* Resources */ = {
			isa = PBXResourcesBuildPhase;
			buildActionMask = 2147483647;
			files = (
			);
			runOnlyForDeploymentPostprocessing = 0;
		};
/* End PBXResourcesBuildPhase section */

/* Begin PBXSourcesBuildPhase section */
		F7EDD62826779A8900CC29E6 /* Sources */ = {
			isa = PBXSourcesBuildPhase;
			buildActionMask = 2147483647;
			files = (
				F7EDD6732677C5E400CC29E6 /* Header.swift in Sources */,
				F7EDD66B2677B5D700CC29E6 /* TTTBoardView.swift in Sources */,
				F7EDD6752677C60700CC29E6 /* PlayerTag.swift in Sources */,
				F74334A92678E08D001D2168 /* Profile.swift in Sources */,
				F7EDD68526781E4300CC29E6 /* SlimRectangle.swift in Sources */,
				F7EDD65F26779E0E00CC29E6 /* Move.swift in Sources */,
				F7EDD65D26779B6800CC29E6 /* Player.swift in Sources */,
				F74334AD2678F99C001D2168 /* Game.swift in Sources */,
				F7EDD68226781E3400CC29E6 /* ConfettiSwiftUI.swift in Sources */,
				F7EDD63226779A8900CC29E6 /* ContentView.swift in Sources */,
				F7EDD65B26779B0C00CC29E6 /* GameBoard.swift in Sources */,
				F7EDD6772677C88C00CC29E6 /* Audience.swift in Sources */,
				F7EDD68E267860DD00CC29E6 /* PlayTogether.swift in Sources */,
				F7EDD66126779EF200CC29E6 /* TicTacToe.swift in Sources */,
				F7EDD6712677C4D800CC29E6 /* TTTGame.swift in Sources */,
				F7EDD6792677D4F800CC29E6 /* BottomBar.swift in Sources */,
				F7EDD63026779A8900CC29E6 /* GameMonsterApp.swift in Sources */,
				F7EDD68326781E4300CC29E6 /* RoundedCross.swift in Sources */,
				F7EDD66D2677B62700CC29E6 /* SquareView.swift in Sources */,
				F7EDD6902678618C00CC29E6 /* Messages.swift in Sources */,
				F7EDD68B2678556500CC29E6 /* GroupSessionManager.swift in Sources */,
				F74334A72678DF4C001D2168 /* ProfileView.swift in Sources */,
				F74334AF2678FA7E001D2168 /* Home.swift in Sources */,
				F74334AB2678F1CD001D2168 /* HomeView.swift in Sources */,
				F7EDD68426781E4300CC29E6 /* Triangle.swift in Sources */,
			);
			runOnlyForDeploymentPostprocessing = 0;
		};
		F7EDD63826779A8B00CC29E6 /* Sources */ = {
			isa = PBXSourcesBuildPhase;
			buildActionMask = 2147483647;
			files = (
				F7EDD64126779A8B00CC29E6 /* GameMonsterTests.swift in Sources */,
			);
			runOnlyForDeploymentPostprocessing = 0;
		};
		F7EDD64226779A8B00CC29E6 /* Sources */ = {
			isa = PBXSourcesBuildPhase;
			buildActionMask = 2147483647;
			files = (
				F7EDD64B26779A8B00CC29E6 /* GameMonsterUITests.swift in Sources */,
			);
			runOnlyForDeploymentPostprocessing = 0;
		};
/* End PBXSourcesBuildPhase section */

/* Begin PBXTargetDependency section */
		F7EDD63E26779A8B00CC29E6 /* PBXTargetDependency */ = {
			isa = PBXTargetDependency;
			target = F7EDD62B26779A8900CC29E6 /* GameMonster */;
			targetProxy = F7EDD63D26779A8B00CC29E6 /* PBXContainerItemProxy */;
		};
		F7EDD64826779A8B00CC29E6 /* PBXTargetDependency */ = {
			isa = PBXTargetDependency;
			target = F7EDD62B26779A8900CC29E6 /* GameMonster */;
			targetProxy = F7EDD64726779A8B00CC29E6 /* PBXContainerItemProxy */;
		};
/* End PBXTargetDependency section */

/* Begin XCBuildConfiguration section */
		F7EDD64C26779A8B00CC29E6 /* Debug */ = {
			isa = XCBuildConfiguration;
			buildSettings = {
				ALWAYS_SEARCH_USER_PATHS = NO;
				CLANG_ANALYZER_NONNULL = YES;
				CLANG_ANALYZER_NUMBER_OBJECT_CONVERSION = YES_AGGRESSIVE;
				CLANG_CXX_LANGUAGE_STANDARD = "gnu++14";
				CLANG_CXX_LIBRARY = "libc++";
				CLANG_ENABLE_MODULES = YES;
				CLANG_ENABLE_OBJC_ARC = YES;
				CLANG_ENABLE_OBJC_WEAK = YES;
				CLANG_WARN_BLOCK_CAPTURE_AUTORELEASING = YES;
				CLANG_WARN_BOOL_CONVERSION = YES;
				CLANG_WARN_COMMA = YES;
				CLANG_WARN_CONSTANT_CONVERSION = YES;
				CLANG_WARN_DEPRECATED_OBJC_IMPLEMENTATIONS = YES;
				CLANG_WARN_DIRECT_OBJC_ISA_USAGE = YES_ERROR;
				CLANG_WARN_DOCUMENTATION_COMMENTS = YES;
				CLANG_WARN_EMPTY_BODY = YES;
				CLANG_WARN_ENUM_CONVERSION = YES;
				CLANG_WARN_INFINITE_RECURSION = YES;
				CLANG_WARN_INT_CONVERSION = YES;
				CLANG_WARN_NON_LITERAL_NULL_CONVERSION = YES;
				CLANG_WARN_OBJC_IMPLICIT_RETAIN_SELF = YES;
				CLANG_WARN_OBJC_LITERAL_CONVERSION = YES;
				CLANG_WARN_OBJC_ROOT_CLASS = YES_ERROR;
				CLANG_WARN_QUOTED_INCLUDE_IN_FRAMEWORK_HEADER = YES;
				CLANG_WARN_RANGE_LOOP_ANALYSIS = YES;
				CLANG_WARN_STRICT_PROTOTYPES = YES;
				CLANG_WARN_SUSPICIOUS_MOVE = YES;
				CLANG_WARN_UNGUARDED_AVAILABILITY = YES_AGGRESSIVE;
				CLANG_WARN_UNREACHABLE_CODE = YES;
				CLANG_WARN__DUPLICATE_METHOD_MATCH = YES;
				COPY_PHASE_STRIP = NO;
				DEBUG_INFORMATION_FORMAT = dwarf;
				ENABLE_STRICT_OBJC_MSGSEND = YES;
				ENABLE_TESTABILITY = YES;
				GCC_C_LANGUAGE_STANDARD = gnu11;
				GCC_DYNAMIC_NO_PIC = NO;
				GCC_NO_COMMON_BLOCKS = YES;
				GCC_OPTIMIZATION_LEVEL = 0;
				GCC_PREPROCESSOR_DEFINITIONS = (
					"DEBUG=1",
					"$(inherited)",
				);
				GCC_WARN_64_TO_32_BIT_CONVERSION = YES;
				GCC_WARN_ABOUT_RETURN_TYPE = YES_ERROR;
				GCC_WARN_UNDECLARED_SELECTOR = YES;
				GCC_WARN_UNINITIALIZED_AUTOS = YES_AGGRESSIVE;
				GCC_WARN_UNUSED_FUNCTION = YES;
				GCC_WARN_UNUSED_VARIABLE = YES;
				IPHONEOS_DEPLOYMENT_TARGET = 15.0;
				MTL_ENABLE_DEBUG_INFO = INCLUDE_SOURCE;
				MTL_FAST_MATH = YES;
				ONLY_ACTIVE_ARCH = YES;
				SDKROOT = iphoneos;
				SWIFT_ACTIVE_COMPILATION_CONDITIONS = DEBUG;
				SWIFT_OPTIMIZATION_LEVEL = "-Onone";
			};
			name = Debug;
		};
		F7EDD64D26779A8B00CC29E6 /* Release */ = {
			isa = XCBuildConfiguration;
			buildSettings = {
				ALWAYS_SEARCH_USER_PATHS = NO;
				CLANG_ANALYZER_NONNULL = YES;
				CLANG_ANALYZER_NUMBER_OBJECT_CONVERSION = YES_AGGRESSIVE;
				CLANG_CXX_LANGUAGE_STANDARD = "gnu++14";
				CLANG_CXX_LIBRARY = "libc++";
				CLANG_ENABLE_MODULES = YES;
				CLANG_ENABLE_OBJC_ARC = YES;
				CLANG_ENABLE_OBJC_WEAK = YES;
				CLANG_WARN_BLOCK_CAPTURE_AUTORELEASING = YES;
				CLANG_WARN_BOOL_CONVERSION = YES;
				CLANG_WARN_COMMA = YES;
				CLANG_WARN_CONSTANT_CONVERSION = YES;
				CLANG_WARN_DEPRECATED_OBJC_IMPLEMENTATIONS = YES;
				CLANG_WARN_DIRECT_OBJC_ISA_USAGE = YES_ERROR;
				CLANG_WARN_DOCUMENTATION_COMMENTS = YES;
				CLANG_WARN_EMPTY_BODY = YES;
				CLANG_WARN_ENUM_CONVERSION = YES;
				CLANG_WARN_INFINITE_RECURSION = YES;
				CLANG_WARN_INT_CONVERSION = YES;
				CLANG_WARN_NON_LITERAL_NULL_CONVERSION = YES;
				CLANG_WARN_OBJC_IMPLICIT_RETAIN_SELF = YES;
				CLANG_WARN_OBJC_LITERAL_CONVERSION = YES;
				CLANG_WARN_OBJC_ROOT_CLASS = YES_ERROR;
				CLANG_WARN_QUOTED_INCLUDE_IN_FRAMEWORK_HEADER = YES;
				CLANG_WARN_RANGE_LOOP_ANALYSIS = YES;
				CLANG_WARN_STRICT_PROTOTYPES = YES;
				CLANG_WARN_SUSPICIOUS_MOVE = YES;
				CLANG_WARN_UNGUARDED_AVAILABILITY = YES_AGGRESSIVE;
				CLANG_WARN_UNREACHABLE_CODE = YES;
				CLANG_WARN__DUPLICATE_METHOD_MATCH = YES;
				COPY_PHASE_STRIP = NO;
				DEBUG_INFORMATION_FORMAT = "dwarf-with-dsym";
				ENABLE_NS_ASSERTIONS = NO;
				ENABLE_STRICT_OBJC_MSGSEND = YES;
				GCC_C_LANGUAGE_STANDARD = gnu11;
				GCC_NO_COMMON_BLOCKS = YES;
				GCC_WARN_64_TO_32_BIT_CONVERSION = YES;
				GCC_WARN_ABOUT_RETURN_TYPE = YES_ERROR;
				GCC_WARN_UNDECLARED_SELECTOR = YES;
				GCC_WARN_UNINITIALIZED_AUTOS = YES_AGGRESSIVE;
				GCC_WARN_UNUSED_FUNCTION = YES;
				GCC_WARN_UNUSED_VARIABLE = YES;
				IPHONEOS_DEPLOYMENT_TARGET = 15.0;
				MTL_ENABLE_DEBUG_INFO = NO;
				MTL_FAST_MATH = YES;
				SDKROOT = iphoneos;
				SWIFT_COMPILATION_MODE = wholemodule;
				SWIFT_OPTIMIZATION_LEVEL = "-O";
				VALIDATE_PRODUCT = YES;
			};
			name = Release;
		};
		F7EDD64F26779A8B00CC29E6 /* Debug */ = {
			isa = XCBuildConfiguration;
			buildSettings = {
				ASSETCATALOG_COMPILER_APPICON_NAME = AppIcon;
				ASSETCATALOG_COMPILER_GLOBAL_ACCENT_COLOR_NAME = AccentColor;
				CODE_SIGN_ENTITLEMENTS = GameMonster/GameMonster.entitlements;
				CODE_SIGN_STYLE = Automatic;
				CURRENT_PROJECT_VERSION = 1;
				DEVELOPMENT_ASSET_PATHS = "\"GameMonster/Preview Content\"";
				DEVELOPMENT_TEAM = 92Z6CXGJ35;
				ENABLE_PREVIEWS = YES;
				GENERATE_INFOPLIST_FILE = YES;
				INFOPLIST_FILE = GameMonster/Info.plist;
				INFOPLIST_KEY_CFBundleExecutable = GameMonster;
				INFOPLIST_KEY_CFBundleName = GameMonster;
				INFOPLIST_KEY_CFBundleVersion = 1;
				INFOPLIST_KEY_UIApplicationSceneManifest_Generation = YES;
				INFOPLIST_KEY_UIApplicationSupportsIndirectInputEvents = YES;
				INFOPLIST_KEY_UILaunchScreen_Generation = YES;
				INFOPLIST_KEY_UISupportedInterfaceOrientations = "";
				INFOPLIST_KEY_UISupportedInterfaceOrientations_iPad = "UIInterfaceOrientationPortrait UIInterfaceOrientationPortraitUpsideDown UIInterfaceOrientationLandscapeLeft UIInterfaceOrientationLandscapeRight";
				INFOPLIST_KEY_UISupportedInterfaceOrientations_iPhone = "UIInterfaceOrientationPortrait UIInterfaceOrientationLandscapeLeft UIInterfaceOrientationLandscapeRight";
				IPHONEOS_DEPLOYMENT_TARGET = 15.0;
				LD_RUNPATH_SEARCH_PATHS = (
					"$(inherited)",
					"@executable_path/Frameworks",
				);
				MARKETING_VERSION = 1.0;
				PRODUCT_BUNDLE_IDENTIFIER = com.masondierkes.GameMonster;
				PRODUCT_NAME = "$(TARGET_NAME)";
				SWIFT_EMIT_LOC_STRINGS = YES;
				SWIFT_VERSION = 5.0;
				TARGETED_DEVICE_FAMILY = "1,2";
			};
			name = Debug;
		};
		F7EDD65026779A8B00CC29E6 /* Release */ = {
			isa = XCBuildConfiguration;
			buildSettings = {
				ASSETCATALOG_COMPILER_APPICON_NAME = AppIcon;
				ASSETCATALOG_COMPILER_GLOBAL_ACCENT_COLOR_NAME = AccentColor;
				CODE_SIGN_ENTITLEMENTS = GameMonster/GameMonster.entitlements;
				CODE_SIGN_STYLE = Automatic;
				CURRENT_PROJECT_VERSION = 1;
				DEVELOPMENT_ASSET_PATHS = "\"GameMonster/Preview Content\"";
				DEVELOPMENT_TEAM = 92Z6CXGJ35;
				ENABLE_PREVIEWS = YES;
				GENERATE_INFOPLIST_FILE = YES;
				INFOPLIST_FILE = GameMonster/Info.plist;
				INFOPLIST_KEY_CFBundleExecutable = GameMonster;
				INFOPLIST_KEY_CFBundleName = GameMonster;
				INFOPLIST_KEY_CFBundleVersion = 1;
				INFOPLIST_KEY_UIApplicationSceneManifest_Generation = YES;
				INFOPLIST_KEY_UIApplicationSupportsIndirectInputEvents = YES;
				INFOPLIST_KEY_UILaunchScreen_Generation = YES;
				INFOPLIST_KEY_UISupportedInterfaceOrientations = "";
				INFOPLIST_KEY_UISupportedInterfaceOrientations_iPad = "UIInterfaceOrientationPortrait UIInterfaceOrientationPortraitUpsideDown UIInterfaceOrientationLandscapeLeft UIInterfaceOrientationLandscapeRight";
				INFOPLIST_KEY_UISupportedInterfaceOrientations_iPhone = "UIInterfaceOrientationPortrait UIInterfaceOrientationLandscapeLeft UIInterfaceOrientationLandscapeRight";
				IPHONEOS_DEPLOYMENT_TARGET = 15.0;
				LD_RUNPATH_SEARCH_PATHS = (
					"$(inherited)",
					"@executable_path/Frameworks",
				);
				MARKETING_VERSION = 1.0;
				PRODUCT_BUNDLE_IDENTIFIER = com.masondierkes.GameMonster;
				PRODUCT_NAME = "$(TARGET_NAME)";
				SWIFT_EMIT_LOC_STRINGS = YES;
				SWIFT_VERSION = 5.0;
				TARGETED_DEVICE_FAMILY = "1,2";
			};
			name = Release;
		};
		F7EDD65226779A8B00CC29E6 /* Debug */ = {
			isa = XCBuildConfiguration;
			buildSettings = {
				ALWAYS_EMBED_SWIFT_STANDARD_LIBRARIES = YES;
				BUNDLE_LOADER = "$(TEST_HOST)";
				CODE_SIGN_STYLE = Automatic;
				CURRENT_PROJECT_VERSION = 1;
				DEVELOPMENT_TEAM = 92Z6CXGJ35;
				GENERATE_INFOPLIST_FILE = YES;
				IPHONEOS_DEPLOYMENT_TARGET = 14.0;
				LD_RUNPATH_SEARCH_PATHS = (
					"$(inherited)",
					"@executable_path/Frameworks",
					"@loader_path/Frameworks",
				);
				MARKETING_VERSION = 1.0;
				PRODUCT_BUNDLE_IDENTIFIER = com.masondierkes.GameMonsterTests;
				PRODUCT_NAME = "$(TARGET_NAME)";
				SWIFT_EMIT_LOC_STRINGS = NO;
				SWIFT_VERSION = 5.0;
				TARGETED_DEVICE_FAMILY = "1,2";
				TEST_HOST = "$(BUILT_PRODUCTS_DIR)/GameMonster.app/GameMonster";
			};
			name = Debug;
		};
		F7EDD65326779A8B00CC29E6 /* Release */ = {
			isa = XCBuildConfiguration;
			buildSettings = {
				ALWAYS_EMBED_SWIFT_STANDARD_LIBRARIES = YES;
				BUNDLE_LOADER = "$(TEST_HOST)";
				CODE_SIGN_STYLE = Automatic;
				CURRENT_PROJECT_VERSION = 1;
				DEVELOPMENT_TEAM = 92Z6CXGJ35;
				GENERATE_INFOPLIST_FILE = YES;
				IPHONEOS_DEPLOYMENT_TARGET = 14.0;
				LD_RUNPATH_SEARCH_PATHS = (
					"$(inherited)",
					"@executable_path/Frameworks",
					"@loader_path/Frameworks",
				);
				MARKETING_VERSION = 1.0;
				PRODUCT_BUNDLE_IDENTIFIER = com.masondierkes.GameMonsterTests;
				PRODUCT_NAME = "$(TARGET_NAME)";
				SWIFT_EMIT_LOC_STRINGS = NO;
				SWIFT_VERSION = 5.0;
				TARGETED_DEVICE_FAMILY = "1,2";
				TEST_HOST = "$(BUILT_PRODUCTS_DIR)/GameMonster.app/GameMonster";
			};
			name = Release;
		};
		F7EDD65526779A8B00CC29E6 /* Debug */ = {
			isa = XCBuildConfiguration;
			buildSettings = {
				ALWAYS_EMBED_SWIFT_STANDARD_LIBRARIES = YES;
				CODE_SIGN_STYLE = Automatic;
				CURRENT_PROJECT_VERSION = 1;
				DEVELOPMENT_TEAM = 92Z6CXGJ35;
				GENERATE_INFOPLIST_FILE = YES;
				LD_RUNPATH_SEARCH_PATHS = (
					"$(inherited)",
					"@executable_path/Frameworks",
					"@loader_path/Frameworks",
				);
				MARKETING_VERSION = 1.0;
				PRODUCT_BUNDLE_IDENTIFIER = com.masondierkes.GameMonsterUITests;
				PRODUCT_NAME = "$(TARGET_NAME)";
				SWIFT_EMIT_LOC_STRINGS = NO;
				SWIFT_VERSION = 5.0;
				TARGETED_DEVICE_FAMILY = "1,2";
				TEST_TARGET_NAME = GameMonster;
			};
			name = Debug;
		};
		F7EDD65626779A8B00CC29E6 /* Release */ = {
			isa = XCBuildConfiguration;
			buildSettings = {
				ALWAYS_EMBED_SWIFT_STANDARD_LIBRARIES = YES;
				CODE_SIGN_STYLE = Automatic;
				CURRENT_PROJECT_VERSION = 1;
				DEVELOPMENT_TEAM = 92Z6CXGJ35;
				GENERATE_INFOPLIST_FILE = YES;
				LD_RUNPATH_SEARCH_PATHS = (
					"$(inherited)",
					"@executable_path/Frameworks",
					"@loader_path/Frameworks",
				);
				MARKETING_VERSION = 1.0;
				PRODUCT_BUNDLE_IDENTIFIER = com.masondierkes.GameMonsterUITests;
				PRODUCT_NAME = "$(TARGET_NAME)";
				SWIFT_EMIT_LOC_STRINGS = NO;
				SWIFT_VERSION = 5.0;
				TARGETED_DEVICE_FAMILY = "1,2";
				TEST_TARGET_NAME = GameMonster;
			};
			name = Release;
		};
/* End XCBuildConfiguration section */

/* Begin XCConfigurationList section */
		F7EDD62726779A8900CC29E6 /* Build configuration list for PBXProject "GameMonster" */ = {
			isa = XCConfigurationList;
			buildConfigurations = (
				F7EDD64C26779A8B00CC29E6 /* Debug */,
				F7EDD64D26779A8B00CC29E6 /* Release */,
			);
			defaultConfigurationIsVisible = 0;
			defaultConfigurationName = Release;
		};
		F7EDD64E26779A8B00CC29E6 /* Build configuration list for PBXNativeTarget "GameMonster" */ = {
			isa = XCConfigurationList;
			buildConfigurations = (
				F7EDD64F26779A8B00CC29E6 /* Debug */,
				F7EDD65026779A8B00CC29E6 /* Release */,
			);
			defaultConfigurationIsVisible = 0;
			defaultConfigurationName = Release;
		};
		F7EDD65126779A8B00CC29E6 /* Build configuration list for PBXNativeTarget "GameMonsterTests" */ = {
			isa = XCConfigurationList;
			buildConfigurations = (
				F7EDD65226779A8B00CC29E6 /* Debug */,
				F7EDD65326779A8B00CC29E6 /* Release */,
			);
			defaultConfigurationIsVisible = 0;
			defaultConfigurationName = Release;
		};
		F7EDD65426779A8B00CC29E6 /* Build configuration list for PBXNativeTarget "GameMonsterUITests" */ = {
			isa = XCConfigurationList;
			buildConfigurations = (
				F7EDD65526779A8B00CC29E6 /* Debug */,
				F7EDD65626779A8B00CC29E6 /* Release */,
			);
			defaultConfigurationIsVisible = 0;
			defaultConfigurationName = Release;
		};
/* End XCConfigurationList section */
	};
	rootObject = F7EDD62426779A8900CC29E6 /* Project object */;
}
